
Microsoft Visual Studio Solution File, Format Version 12.00
# Visual Studio 15
VisualStudioVersion = 15.0.26730.8
MinimumVisualStudioVersion = 10.0.40219.1
Project("{FAE04EC0-301F-11D3-BF4B-00C04F79EFBC}") = "pide_api", "pide_api\pide_api.csproj", "{87D254D0-0177-4239-9D3C-349F39163592}"
EndProject
Project("{FAE04EC0-301F-11D3-BF4B-00C04F79EFBC}") = "CERBERO.Cliente", "CERBERO.Cliente\CERBERO.Cliente.csproj", "{3F7D41BC-9407-45AD-8003-0D3119081AA1}"
EndProject
Global
	GlobalSection(SolutionConfigurationPlatforms) = preSolution
		Debug|Any CPU = Debug|Any CPU
		Release|Any CPU = Release|Any CPU
	EndGlobalSection
	GlobalSection(ProjectConfigurationPlatforms) = postSolution
		{87D254D0-0177-4239-9D3C-349F39163592}.Debug|Any CPU.ActiveCfg = Debug|Any CPU
		{87D254D0-0177-4239-9D3C-349F39163592}.Debug|Any CPU.Build.0 = Debug|Any CPU
		{87D254D0-0177-4239-9D3C-349F39163592}.Release|Any CPU.ActiveCfg = Release|Any CPU
		{87D254D0-0177-4239-9D3C-349F39163592}.Release|Any CPU.Build.0 = Release|Any CPU
		{3F7D41BC-9407-45AD-8003-0D3119081AA1}.Debug|Any CPU.ActiveCfg = Debug|Any CPU
		{3F7D41BC-9407-45AD-8003-0D3119081AA1}.Debug|Any CPU.Build.0 = Debug|Any CPU
		{3F7D41BC-9407-45AD-8003-0D3119081AA1}.Release|Any CPU.ActiveCfg = Release|Any CPU
		{3F7D41BC-9407-45AD-8003-0D3119081AA1}.Release|Any CPU.Build.0 = Release|Any CPU
	EndGlobalSection
	GlobalSection(SolutionProperties) = preSolution
		HideSolutionNode = FALSE
	EndGlobalSection
	GlobalSection(ExtensibilityGlobals) = postSolution
		SolutionGuid = {839AB102-1FE6-43EA-956B-006C640D925C}
	EndGlobalSection
EndGlobal
